
Microsoft Visual Studio Solution File, Format Version 12.00
# Visual Studio Version 16
VisualStudioVersion = 16.0.29102.190
MinimumVisualStudioVersion = 10.0.40219.1
Project("{FAE04EC0-301F-11D3-BF4B-00C04F79EFBC}") = "Randomizer.Api", "Randomizer.Api\Randomizer.Api.csproj", "{A6EE48D9-E1B8-4592-BBD2-0096BA1BED06}"
EndProject
Global
	GlobalSection(SolutionConfigurationPlatforms) = preSolution
		Debug|Any CPU = Debug|Any CPU
		Release|Any CPU = Release|Any CPU
	EndGlobalSection
	GlobalSection(ProjectConfigurationPlatforms) = postSolution
		{A6EE48D9-E1B8-4592-BBD2-0096BA1BED06}.Debug|Any CPU.ActiveCfg = Debug|Any CPU
		{A6EE48D9-E1B8-4592-BBD2-0096BA1BED06}.Debug|Any CPU.Build.0 = Debug|Any CPU
		{A6EE48D9-E1B8-4592-BBD2-0096BA1BED06}.Release|Any CPU.ActiveCfg = Release|Any CPU
		{A6EE48D9-E1B8-4592-BBD2-0096BA1BED06}.Release|Any CPU.Build.0 = Release|Any CPU
	EndGlobalSection
	GlobalSection(SolutionProperties) = preSolution
		HideSolutionNode = FALSE
	EndGlobalSection
	GlobalSection(ExtensibilityGlobals) = postSolution
		SolutionGuid = {893B0606-C360-43C0-88C5-6DD0CE3370A7}
	EndGlobalSection
EndGlobal
